
Microsoft Visual Studio Solution File, Format Version 12.00
# Visual Studio Version 17
VisualStudioVersion = 17.0.31903.59
MinimumVisualStudioVersion = 10.0.40219.1
Project("{9A19103F-16F7-4668-BE54-9A1E7A4F7556}") = "DocumentProcessing.API", "DocumentProcessing.API\DocumentProcessing.API.csproj", "{8810948C-B855-432B-8E0E-0005904C3E1A}"
EndProject
Project("{9A19103F-16F7-4668-BE54-9A1E7A4F7556}") = "DocumentProcessing.Service", "DocumentProcessing.Service\DocumentProcessing.Service.csproj", "{3C1ABA66-CFAA-4C74-BDA7-22822901BFA8}"
EndProject
Project("{9A19103F-16F7-4668-BE54-9A1E7A4F7556}") = "DocumentProcessing.Data", "DocumentProcessing.Data\DocumentProcessing.Data.csproj", "{5B892E5C-4A71-43E5-82D8-E5CA07ABD496}"
EndProject
Global
	GlobalSection(SolutionConfigurationPlatforms) = preSolution
		Debug|Any CPU = Debug|Any CPU
		Release|Any CPU = Release|Any CPU
	EndGlobalSection
	GlobalSection(ProjectConfigurationPlatforms) = postSolution
		{8810948C-B855-432B-8E0E-0005904C3E1A}.Debug|Any CPU.ActiveCfg = Debug|Any CPU
		{8810948C-B855-432B-8E0E-0005904C3E1A}.Debug|Any CPU.Build.0 = Debug|Any CPU
		{8810948C-B855-432B-8E0E-0005904C3E1A}.Release|Any CPU.ActiveCfg = Release|Any CPU
		{8810948C-B855-432B-8E0E-0005904C3E1A}.Release|Any CPU.Build.0 = Release|Any CPU
		{3C1ABA66-CFAA-4C74-BDA7-22822901BFA8}.Debug|Any CPU.ActiveCfg = Debug|Any CPU
		{3C1ABA66-CFAA-4C74-BDA7-22822901BFA8}.Debug|Any CPU.Build.0 = Debug|Any CPU
		{3C1ABA66-CFAA-4C74-BDA7-22822901BFA8}.Release|Any CPU.ActiveCfg = Release|Any CPU
		{3C1ABA66-CFAA-4C74-BDA7-22822901BFA8}.Release|Any CPU.Build.0 = Release|Any CPU
		{5B892E5C-4A71-43E5-82D8-E5CA07ABD496}.Debug|Any CPU.ActiveCfg = Debug|Any CPU
		{5B892E5C-4A71-43E5-82D8-E5CA07ABD496}.Debug|Any CPU.Build.0 = Debug|Any CPU
		{5B892E5C-4A71-43E5-82D8-E5CA07ABD496}.Release|Any CPU.ActiveCfg = Release|Any CPU
		{5B892E5C-4A71-43E5-82D8-E5CA07ABD496}.Release|Any CPU.Build.0 = Release|Any CPU
	EndGlobalSection
	GlobalSection(SolutionProperties) = preSolution
		HideSolutionNode = FALSE
	EndGlobalSection
EndGlobal
